
Microsoft Visual Studio Solution File, Format Version 11.00
# Visual Studio 2010
Project("{FAE04EC0-301F-11D3-BF4B-00C04F79EFBC}") = "ParityDarts.Model", "src\ParityDarts.Model\ParityDarts.Model.csproj", "{1B00C191-1381-4C5C-BA70-81AC969A48A6}"
EndProject
Project("{FAE04EC0-301F-11D3-BF4B-00C04F79EFBC}") = "ParityDarts.Model.Test", "src\ParityDarts.Model.Test\ParityDarts.Model.Test.csproj", "{A157D609-908E-4719-B790-356F36930534}"
EndProject
Project("{FAE04EC0-301F-11D3-BF4B-00C04F79EFBC}") = "ParityDarts.Contracts", "src\ParityDarts.Contracts\ParityDarts.Contracts.csproj", "{80F96578-ACE8-419E-B7FD-3CE161D46011}"
EndProject
Global
	GlobalSection(SolutionConfigurationPlatforms) = preSolution
		Debug|Any CPU = Debug|Any CPU
		Release|Any CPU = Release|Any CPU
	EndGlobalSection
	GlobalSection(ProjectConfigurationPlatforms) = postSolution
		{1B00C191-1381-4C5C-BA70-81AC969A48A6}.Debug|Any CPU.ActiveCfg = Debug|Any CPU
		{1B00C191-1381-4C5C-BA70-81AC969A48A6}.Debug|Any CPU.Build.0 = Debug|Any CPU
		{1B00C191-1381-4C5C-BA70-81AC969A48A6}.Release|Any CPU.ActiveCfg = Release|Any CPU
		{1B00C191-1381-4C5C-BA70-81AC969A48A6}.Release|Any CPU.Build.0 = Release|Any CPU
		{A157D609-908E-4719-B790-356F36930534}.Debug|Any CPU.ActiveCfg = Debug|Any CPU
		{A157D609-908E-4719-B790-356F36930534}.Debug|Any CPU.Build.0 = Debug|Any CPU
		{A157D609-908E-4719-B790-356F36930534}.Release|Any CPU.ActiveCfg = Release|Any CPU
		{A157D609-908E-4719-B790-356F36930534}.Release|Any CPU.Build.0 = Release|Any CPU
		{80F96578-ACE8-419E-B7FD-3CE161D46011}.Debug|Any CPU.ActiveCfg = Debug|Any CPU
		{80F96578-ACE8-419E-B7FD-3CE161D46011}.Debug|Any CPU.Build.0 = Debug|Any CPU
		{80F96578-ACE8-419E-B7FD-3CE161D46011}.Release|Any CPU.ActiveCfg = Release|Any CPU
		{80F96578-ACE8-419E-B7FD-3CE161D46011}.Release|Any CPU.Build.0 = Release|Any CPU
	EndGlobalSection
	GlobalSection(SolutionProperties) = preSolution
		HideSolutionNode = FALSE
	EndGlobalSection
EndGlobal
